{
  "version": 4,
  "terraform_version": "1.8.3",
  "serial": 157,
  "lineage": "0a38a117-b878-8a0b-bdc3-d6aadd7189f0",
  "outputs": {
    "public_ip_address": {
      "value": "52.232.66.196",
      "type": "string"
    }
  },
  "resources": [
    {
      "mode": "data",
      "type": "template_file",
      "name": "docker_compose",
      "provider": "provider[\"registry.terraform.io/hashicorp/template\"]",
      "instances": [
        {
          "schema_version": 0,
          "attributes": {
            "filename": null,
            "id": "87b890759ad83365db07631e0c40c26e77c2c9d74567a2529adb378f0aee0e95",
            "rendered": "version: \"3.8\"\r\nservices:\r\n  \r\n  mongodb:\r\n      container_name: mongo_supspace\r\n      image: mongo:4.4.17-focal\r\n      restart: always\r\n      ports:\r\n        - \"27018:27017\"\r\n      volumes:\r\n        - ./mongo-data:/data/db\r\n      networks:\r\n        - supspace-network\r\n      environment:\r\n        MONGO_INITDB_ROOT_USERNAME: mongo\r\n        MONGO_INITDB_ROOT_PASSWORD: supspace1\r\n        MONGO_URI: mongodb://mongo:supspace1@localhost:27017/\r\n      # profiles: [\"app\",\"dev\"]\r\n      logging:\r\n        driver: \"json-file\"\r\n        options:\r\n          max-file: \"5\"\r\n          max-size: \"10m\"\r\n  mongo-express:\r\n      image: mongo-express:0.54.0\r\n      container_name: mongo-express_supspace\r\n      restart: always\r\n      ports:\r\n        - 8081:8081\r\n      networks:\r\n        - supspace-network\r\n      environment:\r\n        # ME_CONFIG_BASICAUTH_USERNAME: \"mongo\"\r\n        # ME_CONFIG_BASICAUTH_PASSWORD: \"supspace1\"\r\n        ME_CONFIG_SITE_BASEURL: \"/mongodb/\"\r\n        ME_CONFIG_MONGODB_URL: \"mongodb://mongo:supspace1@mongo:27017/\"\r\n        # ME_CONFIG_MONGODB_ENABLE_ADMIN: \"true\"\r\n        # - ME_CONFIG_MONGODB_ADMINUSERNAME=mongo\r\n        # - ME_CONFIG_MONGODB_ADMINPASSWORD=supspace1\r\n        ME_CONFIG_MONGODB_SERVER: \"mongodb\"\r\n        ME_CONFIG_MONGODB_ADMINUSERNAME: \"mongo\"\r\n        ME_CONFIG_MONGODB_ADMINPASSWORD: \"supspace1\"\r\n      depends_on:\r\n        - mongodb\r\n      # profiles: [\"app\",\"dev\"]\r\n      logging:\r\n        driver: \"json-file\"\r\n        options:\r\n          max-file: \"5\"\r\n          max-size: \"10m\"\r\n  backend:\r\n      image: hiba25/backend\r\n      container_name: backend_container\r\n      ports:\r\n        - \"5000:5000\"\r\n      environment:\r\n        DB_URI: \"mongodb://mongo:supspace1@mongodb:27017/\"\r\n      depends_on:\r\n        - mongo-express\r\n      networks:\r\n        - supspace-network\r\n  modele:\r\n      image: hiba25/modele\r\n      container_name: modele_fruit_container\r\n      ports:\r\n        - \"8000:8000\"\r\n      environment:\r\n        MODEL_PATH: \"/app/model_path/model_final.pth\"\r\n        BASE_URL: \"http://52.232.66.196:8000\"\r\n      networks:\r\n        - supspace-network\r\nnetworks:\r\n  supspace-network:\r\n    driver: bridge\r\n",
            "template": "version: \"3.8\"\r\nservices:\r\n  \r\n  mongodb:\r\n      container_name: mongo_supspace\r\n      image: mongo:4.4.17-focal\r\n      restart: always\r\n      ports:\r\n        - \"27018:27017\"\r\n      volumes:\r\n        - ./mongo-data:/data/db\r\n      networks:\r\n        - supspace-network\r\n      environment:\r\n        MONGO_INITDB_ROOT_USERNAME: mongo\r\n        MONGO_INITDB_ROOT_PASSWORD: supspace1\r\n        MONGO_URI: mongodb://mongo:supspace1@localhost:27017/\r\n      # profiles: [\"app\",\"dev\"]\r\n      logging:\r\n        driver: \"json-file\"\r\n        options:\r\n          max-file: \"5\"\r\n          max-size: \"10m\"\r\n  mongo-express:\r\n      image: mongo-express:0.54.0\r\n      container_name: mongo-express_supspace\r\n      restart: always\r\n      ports:\r\n        - 8081:8081\r\n      networks:\r\n        - supspace-network\r\n      environment:\r\n        # ME_CONFIG_BASICAUTH_USERNAME: \"mongo\"\r\n        # ME_CONFIG_BASICAUTH_PASSWORD: \"supspace1\"\r\n        ME_CONFIG_SITE_BASEURL: \"/mongodb/\"\r\n        ME_CONFIG_MONGODB_URL: \"mongodb://mongo:supspace1@mongo:27017/\"\r\n        # ME_CONFIG_MONGODB_ENABLE_ADMIN: \"true\"\r\n        # - ME_CONFIG_MONGODB_ADMINUSERNAME=mongo\r\n        # - ME_CONFIG_MONGODB_ADMINPASSWORD=supspace1\r\n        ME_CONFIG_MONGODB_SERVER: \"mongodb\"\r\n        ME_CONFIG_MONGODB_ADMINUSERNAME: \"mongo\"\r\n        ME_CONFIG_MONGODB_ADMINPASSWORD: \"supspace1\"\r\n      depends_on:\r\n        - mongodb\r\n      # profiles: [\"app\",\"dev\"]\r\n      logging:\r\n        driver: \"json-file\"\r\n        options:\r\n          max-file: \"5\"\r\n          max-size: \"10m\"\r\n  backend:\r\n      image: hiba25/backend\r\n      container_name: backend_container\r\n      ports:\r\n        - \"5000:5000\"\r\n      environment:\r\n        DB_URI: \"mongodb://mongo:supspace1@mongodb:27017/\"\r\n      depends_on:\r\n        - mongo-express\r\n      networks:\r\n        - supspace-network\r\n  modele:\r\n      image: hiba25/modele\r\n      container_name: modele_fruit_container\r\n      ports:\r\n        - \"8000:8000\"\r\n      environment:\r\n        MODEL_PATH: \"/app/model_path/model_final.pth\"\r\n        BASE_URL: \"http://${ip_address}:8000\"\r\n      networks:\r\n        - supspace-network\r\nnetworks:\r\n  supspace-network:\r\n    driver: bridge\r\n",
            "vars": {
              "ip_address": "52.232.66.196"
            }
          },
          "sensitive_attributes": []
        }
      ]
    },
    {
      "mode": "managed",
      "type": "azurerm_linux_virtual_machine",
      "name": "my_virtual_machine",
      "provider": "provider[\"registry.terraform.io/hashicorp/azurerm\"]",
      "instances": [
        {
          "schema_version": 0,
          "attributes": {
            "additional_capabilities": [],
            "admin_password": null,
            "admin_ssh_key": [
              {
                "public_key": "ssh-rsa AAAAB3NzaC1yc2EAAAADAQABAAABgQCm7J1R4a7T536lEj0q9rRw4n99lwFyTlhm5nj/34U472/qak37EOburkUxmnKe4gotoFfm7F31Ygq6FUsxtaldkasAr8dN5wBjjtQ4TRgGy+mhuvw38GJWGYx1Ztll2Ud0amxqkqpE68uX9we86cWL4SyNX5nr/PNsXb16MrlhOTjTqvV+8VpYGjm7FR4jj4dmmWR5uuULhnthQEwvBnacYGfral8taGNFCgrKcX49X1ukPkuOR6v4uvsRSSQdwsJZe1RtoW1jOKs3HircFBvc7dMg1HiMQqyFnCDxg/Pcku5aAcebcwoblIMxg0ImYpXjLZlWJrtxgstCjWKK6DNXgrjWhhEfPjMwwEoSns6KzD2l/3GdDrsUk9E05Hw2ADS2PU9QqUGIQHHn3/UYwhKRw1++W6wBnsKzhf13DRiBtAtLKOpC6vwCNM7S/1mjRjxccAopoHJUIE+fHNDicqGUk4HD9W9TqbFghua85Hum/RLoXrXiEmXOL55tbzCMqa8= hiba daoud@LAPTOP-JUDUQHFE\r\n",
                "username": "adminuser"
              }
            ],
            "admin_username": "adminuser",
            "allow_extension_operations": true,
            "availability_set_id": "",
            "boot_diagnostics": [],
            "bypass_platform_safety_checks_on_user_schedule_enabled": false,
            "capacity_reservation_group_id": "",
            "computer_name": "my-virtual-machine",
            "custom_data": null,
            "dedicated_host_group_id": "",
            "dedicated_host_id": "",
            "disable_password_authentication": true,
            "disk_controller_type": "",
            "edge_zone": "",
            "encryption_at_host_enabled": false,
            "eviction_policy": "",
            "extensions_time_budget": "PT1H30M",
            "gallery_application": [],
            "id": "/subscriptions/7d69a7da-d9e5-44b9-966b-cc38b4433610/resourceGroups/my-resource-group/providers/Microsoft.Compute/virtualMachines/my-virtual-machine",
            "identity": [],
            "license_type": "",
            "location": "westeurope",
            "max_bid_price": -1,
            "name": "my-virtual-machine",
            "network_interface_ids": [
              "/subscriptions/7d69a7da-d9e5-44b9-966b-cc38b4433610/resourceGroups/my-resource-group/providers/Microsoft.Network/networkInterfaces/my-network-interface"
            ],
            "os_disk": [
              {
                "caching": "ReadWrite",
                "diff_disk_settings": [],
                "disk_encryption_set_id": "",
                "disk_size_gb": 30,
                "name": "my-virtual-machine_disk1_8c4a5a2f40f2494189c24ef7e4a282c1",
                "secure_vm_disk_encryption_set_id": "",
                "security_encryption_type": "",
                "storage_account_type": "Standard_LRS",
                "write_accelerator_enabled": false
              }
            ],
            "os_image_notification": [],
            "patch_assessment_mode": "ImageDefault",
            "patch_mode": "ImageDefault",
            "plan": [],
            "platform_fault_domain": -1,
            "priority": "Regular",
            "private_ip_address": "10.0.2.4",
            "private_ip_addresses": [
              "10.0.2.4"
            ],
            "provision_vm_agent": true,
            "proximity_placement_group_id": "",
            "public_ip_address": "52.232.66.196",
            "public_ip_addresses": [
              "52.232.66.196"
            ],
            "reboot_setting": "",
            "resource_group_name": "my-resource-group",
            "secret": [],
            "secure_boot_enabled": false,
            "size": "Standard_B2s",
            "source_image_id": "",
            "source_image_reference": [
              {
                "offer": "UbuntuServer",
                "publisher": "Canonical",
                "sku": "18.04-LTS",
                "version": "latest"
              }
            ],
            "tags": {},
            "termination_notification": [],
            "timeouts": null,
            "user_data": "",
            "virtual_machine_id": "207acebb-0369-4109-b5fc-64630b2a6182",
            "virtual_machine_scale_set_id": "",
            "vm_agent_platform_updates_enabled": false,
            "vtpm_enabled": false,
            "zone": ""
          },
          "sensitive_attributes": [
            [
              {
                "type": "get_attr",
                "value": "custom_data"
              }
            ],
            [
              {
                "type": "get_attr",
                "value": "admin_password"
              }
            ]
          ],
          "private": "eyJlMmJmYjczMC1lY2FhLTExZTYtOGY4OC0zNDM2M2JjN2M0YzAiOnsiY3JlYXRlIjoyNzAwMDAwMDAwMDAwLCJkZWxldGUiOjI3MDAwMDAwMDAwMDAsInJlYWQiOjMwMDAwMDAwMDAwMCwidXBkYXRlIjoyNzAwMDAwMDAwMDAwfX0=",
          "dependencies": [
            "azurerm_network_interface.my_network_interface",
            "azurerm_public_ip.my_public_ip",
            "azurerm_resource_group.my_resource_group",
            "azurerm_subnet.my_subnet",
            "azurerm_virtual_network.my_virtual_network",
            "random_id.unique_id"
          ]
        }
      ]
    },
    {
      "mode": "managed",
      "type": "azurerm_network_interface",
      "name": "my_network_interface",
      "provider": "provider[\"registry.terraform.io/hashicorp/azurerm\"]",
      "instances": [
        {
          "schema_version": 0,
          "attributes": {
            "applied_dns_servers": [],
            "auxiliary_mode": "",
            "auxiliary_sku": "",
            "dns_servers": [],
            "edge_zone": "",
            "enable_accelerated_networking": false,
            "enable_ip_forwarding": false,
            "id": "/subscriptions/7d69a7da-d9e5-44b9-966b-cc38b4433610/resourceGroups/my-resource-group/providers/Microsoft.Network/networkInterfaces/my-network-interface",
            "internal_dns_name_label": "",
            "internal_domain_name_suffix": "4k5bkxbglqbutebainu0lpk0db.ax.internal.cloudapp.net",
            "ip_configuration": [
              {
                "gateway_load_balancer_frontend_ip_configuration_id": "",
                "name": "my-ip-configuration",
                "primary": true,
                "private_ip_address": "10.0.2.4",
                "private_ip_address_allocation": "Dynamic",
                "private_ip_address_version": "IPv4",
                "public_ip_address_id": "/subscriptions/7d69a7da-d9e5-44b9-966b-cc38b4433610/resourceGroups/my-resource-group/providers/Microsoft.Network/publicIPAddresses/my-public-ip",
                "subnet_id": "/subscriptions/7d69a7da-d9e5-44b9-966b-cc38b4433610/resourceGroups/my-resource-group/providers/Microsoft.Network/virtualNetworks/my-virtual-network/subnets/my-subnet"
              }
            ],
            "location": "westeurope",
            "mac_address": "00-0D-3A-AB-4F-93",
            "name": "my-network-interface",
            "private_ip_address": "10.0.2.4",
            "private_ip_addresses": [
              "10.0.2.4"
            ],
            "resource_group_name": "my-resource-group",
            "tags": {},
            "timeouts": null,
            "virtual_machine_id": "/subscriptions/7d69a7da-d9e5-44b9-966b-cc38b4433610/resourceGroups/my-resource-group/providers/Microsoft.Compute/virtualMachines/my-virtual-machine"
          },
          "sensitive_attributes": [],
          "private": "eyJlMmJmYjczMC1lY2FhLTExZTYtOGY4OC0zNDM2M2JjN2M0YzAiOnsiY3JlYXRlIjoxODAwMDAwMDAwMDAwLCJkZWxldGUiOjE4MDAwMDAwMDAwMDAsInJlYWQiOjMwMDAwMDAwMDAwMCwidXBkYXRlIjoxODAwMDAwMDAwMDAwfX0=",
          "dependencies": [
            "azurerm_public_ip.my_public_ip",
            "azurerm_resource_group.my_resource_group",
            "azurerm_subnet.my_subnet",
            "azurerm_virtual_network.my_virtual_network",
            "random_id.unique_id"
          ]
        }
      ]
    },
    {
      "mode": "managed",
      "type": "azurerm_network_interface_security_group_association",
      "name": "my_nic_nsg_association",
      "provider": "provider[\"registry.terraform.io/hashicorp/azurerm\"]",
      "instances": [
        {
          "schema_version": 0,
          "attributes": {
            "id": "/subscriptions/7d69a7da-d9e5-44b9-966b-cc38b4433610/resourceGroups/my-resource-group/providers/Microsoft.Network/networkInterfaces/my-network-interface|/subscriptions/7d69a7da-d9e5-44b9-966b-cc38b4433610/resourceGroups/my-resource-group/providers/Microsoft.Network/networkSecurityGroups/my-network-security-group",
            "network_interface_id": "/subscriptions/7d69a7da-d9e5-44b9-966b-cc38b4433610/resourceGroups/my-resource-group/providers/Microsoft.Network/networkInterfaces/my-network-interface",
            "network_security_group_id": "/subscriptions/7d69a7da-d9e5-44b9-966b-cc38b4433610/resourceGroups/my-resource-group/providers/Microsoft.Network/networkSecurityGroups/my-network-security-group",
            "timeouts": null
          },
          "sensitive_attributes": [],
          "private": "eyJlMmJmYjczMC1lY2FhLTExZTYtOGY4OC0zNDM2M2JjN2M0YzAiOnsiY3JlYXRlIjoxODAwMDAwMDAwMDAwLCJkZWxldGUiOjE4MDAwMDAwMDAwMDAsInJlYWQiOjMwMDAwMDAwMDAwMH19",
          "dependencies": [
            "azurerm_network_interface.my_network_interface",
            "azurerm_network_security_group.my_network_security_group",
            "azurerm_public_ip.my_public_ip",
            "azurerm_resource_group.my_resource_group",
            "azurerm_subnet.my_subnet",
            "azurerm_virtual_network.my_virtual_network",
            "random_id.unique_id"
          ]
        }
      ]
    },
    {
      "mode": "managed",
      "type": "azurerm_network_security_group",
      "name": "my_network_security_group",
      "provider": "provider[\"registry.terraform.io/hashicorp/azurerm\"]",
      "instances": [
        {
          "schema_version": 0,
          "attributes": {
            "id": "/subscriptions/7d69a7da-d9e5-44b9-966b-cc38b4433610/resourceGroups/my-resource-group/providers/Microsoft.Network/networkSecurityGroups/my-network-security-group",
            "location": "westeurope",
            "name": "my-network-security-group",
            "resource_group_name": "my-resource-group",
            "security_rule": [
              {
                "access": "Allow",
                "description": "",
                "destination_address_prefix": "*",
                "destination_address_prefixes": [],
                "destination_application_security_group_ids": [],
                "destination_port_range": "*",
                "destination_port_ranges": [],
                "direction": "Inbound",
                "name": "allow-all-traffic",
                "priority": 200,
                "protocol": "Tcp",
                "source_address_prefix": "*",
                "source_address_prefixes": [],
                "source_application_security_group_ids": [],
                "source_port_range": "*",
                "source_port_ranges": []
              },
              {
                "access": "Allow",
                "description": "",
                "destination_address_prefix": "*",
                "destination_address_prefixes": [],
                "destination_application_security_group_ids": [],
                "destination_port_range": "22",
                "destination_port_ranges": [],
                "direction": "Inbound",
                "name": "ssh-access",
                "priority": 100,
                "protocol": "Tcp",
                "source_address_prefix": "197.15.204.116",
                "source_address_prefixes": [],
                "source_application_security_group_ids": [],
                "source_port_range": "*",
                "source_port_ranges": []
              }
            ],
            "tags": {},
            "timeouts": null
          },
          "sensitive_attributes": [],
          "private": "eyJlMmJmYjczMC1lY2FhLTExZTYtOGY4OC0zNDM2M2JjN2M0YzAiOnsiY3JlYXRlIjoxODAwMDAwMDAwMDAwLCJkZWxldGUiOjE4MDAwMDAwMDAwMDAsInJlYWQiOjMwMDAwMDAwMDAwMCwidXBkYXRlIjoxODAwMDAwMDAwMDAwfX0=",
          "dependencies": [
            "azurerm_resource_group.my_resource_group"
          ]
        }
      ]
    },
    {
      "mode": "managed",
      "type": "azurerm_network_security_rule",
      "name": "allow_all_traffic",
      "provider": "provider[\"registry.terraform.io/hashicorp/azurerm\"]",
      "instances": [
        {
          "schema_version": 0,
          "attributes": {
            "access": "Allow",
            "description": "",
            "destination_address_prefix": "*",
            "destination_address_prefixes": [],
            "destination_application_security_group_ids": [],
            "destination_port_range": "*",
            "destination_port_ranges": [],
            "direction": "Inbound",
            "id": "/subscriptions/7d69a7da-d9e5-44b9-966b-cc38b4433610/resourceGroups/my-resource-group/providers/Microsoft.Network/networkSecurityGroups/my-network-security-group/securityRules/allow-all-traffic",
            "name": "allow-all-traffic",
            "network_security_group_name": "my-network-security-group",
            "priority": 200,
            "protocol": "Tcp",
            "resource_group_name": "my-resource-group",
            "source_address_prefix": "*",
            "source_address_prefixes": [],
            "source_application_security_group_ids": [],
            "source_port_range": "*",
            "source_port_ranges": [],
            "timeouts": null
          },
          "sensitive_attributes": [],
          "private": "eyJlMmJmYjczMC1lY2FhLTExZTYtOGY4OC0zNDM2M2JjN2M0YzAiOnsiY3JlYXRlIjoxODAwMDAwMDAwMDAwLCJkZWxldGUiOjE4MDAwMDAwMDAwMDAsInJlYWQiOjMwMDAwMDAwMDAwMCwidXBkYXRlIjoxODAwMDAwMDAwMDAwfX0=",
          "dependencies": [
            "azurerm_network_security_group.my_network_security_group",
            "azurerm_resource_group.my_resource_group"
          ]
        }
      ]
    },
    {
      "mode": "managed",
      "type": "azurerm_network_security_rule",
      "name": "ssh_access",
      "provider": "provider[\"registry.terraform.io/hashicorp/azurerm\"]",
      "instances": [
        {
          "schema_version": 0,
          "attributes": {
            "access": "Allow",
            "description": "",
            "destination_address_prefix": "*",
            "destination_address_prefixes": [],
            "destination_application_security_group_ids": [],
            "destination_port_range": "22",
            "destination_port_ranges": [],
            "direction": "Inbound",
            "id": "/subscriptions/7d69a7da-d9e5-44b9-966b-cc38b4433610/resourceGroups/my-resource-group/providers/Microsoft.Network/networkSecurityGroups/my-network-security-group/securityRules/ssh-access",
            "name": "ssh-access",
            "network_security_group_name": "my-network-security-group",
            "priority": 100,
            "protocol": "Tcp",
            "resource_group_name": "my-resource-group",
            "source_address_prefix": "197.15.204.116",
            "source_address_prefixes": [],
            "source_application_security_group_ids": [],
            "source_port_range": "*",
            "source_port_ranges": [],
            "timeouts": null
          },
          "sensitive_attributes": [],
          "private": "eyJlMmJmYjczMC1lY2FhLTExZTYtOGY4OC0zNDM2M2JjN2M0YzAiOnsiY3JlYXRlIjoxODAwMDAwMDAwMDAwLCJkZWxldGUiOjE4MDAwMDAwMDAwMDAsInJlYWQiOjMwMDAwMDAwMDAwMCwidXBkYXRlIjoxODAwMDAwMDAwMDAwfX0=",
          "dependencies": [
            "azurerm_network_security_group.my_network_security_group",
            "azurerm_resource_group.my_resource_group"
          ]
        }
      ]
    },
    {
      "mode": "managed",
      "type": "azurerm_public_ip",
      "name": "my_public_ip",
      "provider": "provider[\"registry.terraform.io/hashicorp/azurerm\"]",
      "instances": [
        {
          "schema_version": 0,
          "attributes": {
            "allocation_method": "Dynamic",
            "ddos_protection_mode": "VirtualNetworkInherited",
            "ddos_protection_plan_id": null,
            "domain_name_label": "hibaproject85399028b42fa8ec",
            "edge_zone": "",
            "fqdn": "hibaproject85399028b42fa8ec.westeurope.cloudapp.azure.com",
            "id": "/subscriptions/7d69a7da-d9e5-44b9-966b-cc38b4433610/resourceGroups/my-resource-group/providers/Microsoft.Network/publicIPAddresses/my-public-ip",
            "idle_timeout_in_minutes": 4,
            "ip_address": "52.232.66.196",
            "ip_tags": {},
            "ip_version": "IPv4",
            "location": "westeurope",
            "name": "my-public-ip",
            "public_ip_prefix_id": null,
            "resource_group_name": "my-resource-group",
            "reverse_fqdn": "",
            "sku": "Basic",
            "sku_tier": "Regional",
            "tags": {},
            "timeouts": null,
            "zones": []
          },
          "sensitive_attributes": [],
          "private": "eyJlMmJmYjczMC1lY2FhLTExZTYtOGY4OC0zNDM2M2JjN2M0YzAiOnsiY3JlYXRlIjoxODAwMDAwMDAwMDAwLCJkZWxldGUiOjE4MDAwMDAwMDAwMDAsInJlYWQiOjMwMDAwMDAwMDAwMCwidXBkYXRlIjoxODAwMDAwMDAwMDAwfX0=",
          "dependencies": [
            "azurerm_resource_group.my_resource_group",
            "random_id.unique_id"
          ]
        }
      ]
    },
    {
      "mode": "managed",
      "type": "azurerm_resource_group",
      "name": "my_resource_group",
      "provider": "provider[\"registry.terraform.io/hashicorp/azurerm\"]",
      "instances": [
        {
          "schema_version": 0,
          "attributes": {
            "id": "/subscriptions/7d69a7da-d9e5-44b9-966b-cc38b4433610/resourceGroups/my-resource-group",
            "location": "westeurope",
            "managed_by": "",
            "name": "my-resource-group",
            "tags": {},
            "timeouts": null
          },
          "sensitive_attributes": [],
          "private": "eyJlMmJmYjczMC1lY2FhLTExZTYtOGY4OC0zNDM2M2JjN2M0YzAiOnsiY3JlYXRlIjo1NDAwMDAwMDAwMDAwLCJkZWxldGUiOjU0MDAwMDAwMDAwMDAsInJlYWQiOjMwMDAwMDAwMDAwMCwidXBkYXRlIjo1NDAwMDAwMDAwMDAwfX0="
        }
      ]
    },
    {
      "mode": "managed",
      "type": "azurerm_subnet",
      "name": "my_subnet",
      "provider": "provider[\"registry.terraform.io/hashicorp/azurerm\"]",
      "instances": [
        {
          "schema_version": 0,
          "attributes": {
            "address_prefixes": [
              "10.0.2.0/24"
            ],
            "delegation": [],
            "enforce_private_link_endpoint_network_policies": false,
            "enforce_private_link_service_network_policies": false,
            "id": "/subscriptions/7d69a7da-d9e5-44b9-966b-cc38b4433610/resourceGroups/my-resource-group/providers/Microsoft.Network/virtualNetworks/my-virtual-network/subnets/my-subnet",
            "name": "my-subnet",
            "private_endpoint_network_policies": "Enabled",
            "private_endpoint_network_policies_enabled": true,
            "private_link_service_network_policies_enabled": true,
            "resource_group_name": "my-resource-group",
            "service_endpoint_policy_ids": [],
            "service_endpoints": [],
            "timeouts": null,
            "virtual_network_name": "my-virtual-network"
          },
          "sensitive_attributes": [],
          "private": "eyJlMmJmYjczMC1lY2FhLTExZTYtOGY4OC0zNDM2M2JjN2M0YzAiOnsiY3JlYXRlIjoxODAwMDAwMDAwMDAwLCJkZWxldGUiOjE4MDAwMDAwMDAwMDAsInJlYWQiOjMwMDAwMDAwMDAwMCwidXBkYXRlIjoxODAwMDAwMDAwMDAwfX0=",
          "dependencies": [
            "azurerm_resource_group.my_resource_group",
            "azurerm_virtual_network.my_virtual_network"
          ]
        }
      ]
    },
    {
      "mode": "managed",
      "type": "azurerm_virtual_network",
      "name": "my_virtual_network",
      "provider": "provider[\"registry.terraform.io/hashicorp/azurerm\"]",
      "instances": [
        {
          "schema_version": 0,
          "attributes": {
            "address_space": [
              "10.0.0.0/16"
            ],
            "bgp_community": "",
            "ddos_protection_plan": [],
            "dns_servers": [],
            "edge_zone": "",
            "encryption": [],
            "flow_timeout_in_minutes": 0,
            "guid": "5c15bef2-5c26-4903-9020-4369a5bd5a19",
            "id": "/subscriptions/7d69a7da-d9e5-44b9-966b-cc38b4433610/resourceGroups/my-resource-group/providers/Microsoft.Network/virtualNetworks/my-virtual-network",
            "location": "westeurope",
            "name": "my-virtual-network",
            "resource_group_name": "my-resource-group",
            "subnet": [
              {
                "address_prefix": "10.0.2.0/24",
                "id": "/subscriptions/7d69a7da-d9e5-44b9-966b-cc38b4433610/resourceGroups/my-resource-group/providers/Microsoft.Network/virtualNetworks/my-virtual-network/subnets/my-subnet",
                "name": "my-subnet",
                "security_group": ""
              }
            ],
            "tags": {},
            "timeouts": null
          },
          "sensitive_attributes": [],
          "private": "eyJlMmJmYjczMC1lY2FhLTExZTYtOGY4OC0zNDM2M2JjN2M0YzAiOnsiY3JlYXRlIjoxODAwMDAwMDAwMDAwLCJkZWxldGUiOjE4MDAwMDAwMDAwMDAsInJlYWQiOjMwMDAwMDAwMDAwMCwidXBkYXRlIjoxODAwMDAwMDAwMDAwfX0=",
          "dependencies": [
            "azurerm_resource_group.my_resource_group"
          ]
        }
      ]
    },
    {
      "mode": "managed",
      "type": "local_file",
      "name": "docker_compose_yml",
      "provider": "provider[\"registry.terraform.io/hashicorp/local\"]",
      "instances": [
        {
          "schema_version": 0,
          "attributes": {
            "content": "version: \"3.8\"\r\nservices:\r\n  \r\n  mongodb:\r\n      container_name: mongo_supspace\r\n      image: mongo:4.4.17-focal\r\n      restart: always\r\n      ports:\r\n        - \"27018:27017\"\r\n      volumes:\r\n        - ./mongo-data:/data/db\r\n      networks:\r\n        - supspace-network\r\n      environment:\r\n        MONGO_INITDB_ROOT_USERNAME: mongo\r\n        MONGO_INITDB_ROOT_PASSWORD: supspace1\r\n        MONGO_URI: mongodb://mongo:supspace1@localhost:27017/\r\n      # profiles: [\"app\",\"dev\"]\r\n      logging:\r\n        driver: \"json-file\"\r\n        options:\r\n          max-file: \"5\"\r\n          max-size: \"10m\"\r\n  mongo-express:\r\n      image: mongo-express:0.54.0\r\n      container_name: mongo-express_supspace\r\n      restart: always\r\n      ports:\r\n        - 8081:8081\r\n      networks:\r\n        - supspace-network\r\n      environment:\r\n        # ME_CONFIG_BASICAUTH_USERNAME: \"mongo\"\r\n        # ME_CONFIG_BASICAUTH_PASSWORD: \"supspace1\"\r\n        ME_CONFIG_SITE_BASEURL: \"/mongodb/\"\r\n        ME_CONFIG_MONGODB_URL: \"mongodb://mongo:supspace1@mongo:27017/\"\r\n        # ME_CONFIG_MONGODB_ENABLE_ADMIN: \"true\"\r\n        # - ME_CONFIG_MONGODB_ADMINUSERNAME=mongo\r\n        # - ME_CONFIG_MONGODB_ADMINPASSWORD=supspace1\r\n        ME_CONFIG_MONGODB_SERVER: \"mongodb\"\r\n        ME_CONFIG_MONGODB_ADMINUSERNAME: \"mongo\"\r\n        ME_CONFIG_MONGODB_ADMINPASSWORD: \"supspace1\"\r\n      depends_on:\r\n        - mongodb\r\n      # profiles: [\"app\",\"dev\"]\r\n      logging:\r\n        driver: \"json-file\"\r\n        options:\r\n          max-file: \"5\"\r\n          max-size: \"10m\"\r\n  backend:\r\n      image: hiba25/backend\r\n      container_name: backend_container\r\n      ports:\r\n        - \"5000:5000\"\r\n      environment:\r\n        DB_URI: \"mongodb://mongo:supspace1@mongodb:27017/\"\r\n      depends_on:\r\n        - mongo-express\r\n      networks:\r\n        - supspace-network\r\n  modele:\r\n      image: hiba25/modele\r\n      container_name: modele_fruit_container\r\n      ports:\r\n        - \"8000:8000\"\r\n      environment:\r\n        MODEL_PATH: \"/app/model_path/model_final.pth\"\r\n        BASE_URL: \"http://52.232.66.196:8000\"\r\n      networks:\r\n        - supspace-network\r\nnetworks:\r\n  supspace-network:\r\n    driver: bridge\r\n",
            "content_base64": null,
            "content_base64sha256": "h7iQdZrYM2XbB2MeDEDCbnfCyddFZ6JSmts3jwruDpU=",
            "content_base64sha512": "r0tZr18ib0O3Px/CbKOPnInguv1adzErCMF6EP6pftVkCduC9ResV4vd+0xGvIn29IWtGMMbXdBdluyg996J9Q==",
            "content_md5": "e13ecd5110b9ba3c683e0b5508e96e27",
            "content_sha1": "f3c181963c76f80e95a093cacb3c8281b8820b96",
            "content_sha256": "87b890759ad83365db07631e0c40c26e77c2c9d74567a2529adb378f0aee0e95",
            "content_sha512": "af4b59af5f226f43b73f1fc26ca38f9c89e0bafd5a77312b08c17a10fea97ed56409db82f517ac578bddfb4c46bc89f6f485ad18c31b5dd05d96eca0f7de89f5",
            "directory_permission": "0777",
            "file_permission": "0777",
            "filename": "./files/docker-compose.yml",
            "id": "f3c181963c76f80e95a093cacb3c8281b8820b96",
            "sensitive_content": null,
            "source": null
          },
          "sensitive_attributes": [
            [
              {
                "type": "get_attr",
                "value": "sensitive_content"
              }
            ]
          ],
          "dependencies": [
            "azurerm_public_ip.my_public_ip",
            "azurerm_resource_group.my_resource_group",
            "data.template_file.docker_compose",
            "random_id.unique_id"
          ]
        }
      ]
    },
    {
      "mode": "managed",
      "type": "null_resource",
      "name": "vm_provisioner",
      "provider": "provider[\"registry.terraform.io/hashicorp/null\"]",
      "instances": [
        {
          "schema_version": 0,
          "attributes": {
            "id": "8734890980388329993",
            "triggers": {
              "public_ip": "52.232.66.196"
            }
          },
          "sensitive_attributes": [],
          "dependencies": [
            "azurerm_linux_virtual_machine.my_virtual_machine",
            "azurerm_network_interface.my_network_interface",
            "azurerm_public_ip.my_public_ip",
            "azurerm_resource_group.my_resource_group",
            "azurerm_subnet.my_subnet",
            "azurerm_virtual_network.my_virtual_network",
            "data.template_file.docker_compose",
            "local_file.docker_compose_yml",
            "random_id.unique_id"
          ]
        }
      ]
    },
    {
      "mode": "managed",
      "type": "random_id",
      "name": "unique_id",
      "provider": "provider[\"registry.terraform.io/hashicorp/random\"]",
      "instances": [
        {
          "schema_version": 0,
          "attributes": {
            "b64_std": "hTmQKLQvqOw=",
            "b64_url": "hTmQKLQvqOw",
            "byte_length": 8,
            "dec": "9599862585213036780",
            "hex": "85399028b42fa8ec",
            "id": "hTmQKLQvqOw",
            "keepers": null,
            "prefix": null
          },
          "sensitive_attributes": []
        }
      ]
    }
  ],
  "check_results": null
}
